
Microsoft Visual Studio Solution File, Format Version 12.00
# Visual Studio Version 17
VisualStudioVersion = 17.3.32901.215
MinimumVisualStudioVersion = 10.0.40219.1
Project("{FAE04EC0-301F-11D3-BF4B-00C04F79EFBC}") = "Stefan_Iulian_3133b", "Stefan_Iulian_3133b\Stefan_Iulian_3133b.csproj", "{43E287E3-91E9-462D-9672-B1DEAA70BEEB}"
EndProject
Global
	GlobalSection(SolutionConfigurationPlatforms) = preSolution
		Debug|Any CPU = Debug|Any CPU
		Release|Any CPU = Release|Any CPU
	EndGlobalSection
	GlobalSection(ProjectConfigurationPlatforms) = postSolution
		{43E287E3-91E9-462D-9672-B1DEAA70BEEB}.Debug|Any CPU.ActiveCfg = Debug|Any CPU
		{43E287E3-91E9-462D-9672-B1DEAA70BEEB}.Debug|Any CPU.Build.0 = Debug|Any CPU
		{43E287E3-91E9-462D-9672-B1DEAA70BEEB}.Release|Any CPU.ActiveCfg = Release|Any CPU
		{43E287E3-91E9-462D-9672-B1DEAA70BEEB}.Release|Any CPU.Build.0 = Release|Any CPU
	EndGlobalSection
	GlobalSection(SolutionProperties) = preSolution
		HideSolutionNode = FALSE
	EndGlobalSection
	GlobalSection(ExtensibilityGlobals) = postSolution
		SolutionGuid = {1D56F192-FDB1-44AC-8DE0-C797E0E12CE0}
	EndGlobalSection
EndGlobal
